
Microsoft Visual Studio Solution File, Format Version 12.00
# Visual Studio Version 16
VisualStudioVersion = 16.0.31605.320
MinimumVisualStudioVersion = 10.0.40219.1
Project("{FAE04EC0-301F-11D3-BF4B-00C04F79EFBC}") = "LoginApp.Android", "LoginApp.Android\LoginApp.Android.csproj", "{2AFAF138-7242-4216-8585-9A981BA26961}"
EndProject
Project("{FAE04EC0-301F-11D3-BF4B-00C04F79EFBC}") = "LoginApp.iOS", "LoginApp.iOS\LoginApp.iOS.csproj", "{D62221AE-392E-499B-9CD5-39BC30705FAE}"
EndProject
Project("{FAE04EC0-301F-11D3-BF4B-00C04F79EFBC}") = "LoginApp", "LoginApp\LoginApp.csproj", "{377059B6-D039-46A7-9098-04947D8430B6}"
EndProject
Global
	GlobalSection(SolutionConfigurationPlatforms) = preSolution
		Debug|Any CPU = Debug|Any CPU
		Debug|iPhone = Debug|iPhone
		Debug|iPhoneSimulator = Debug|iPhoneSimulator
		Release|Any CPU = Release|Any CPU
		Release|iPhone = Release|iPhone
		Release|iPhoneSimulator = Release|iPhoneSimulator
	EndGlobalSection
	GlobalSection(ProjectConfigurationPlatforms) = postSolution
		{2AFAF138-7242-4216-8585-9A981BA26961}.Debug|Any CPU.ActiveCfg = Debug|Any CPU
		{2AFAF138-7242-4216-8585-9A981BA26961}.Debug|Any CPU.Build.0 = Debug|Any CPU
		{2AFAF138-7242-4216-8585-9A981BA26961}.Debug|Any CPU.Deploy.0 = Debug|Any CPU
		{2AFAF138-7242-4216-8585-9A981BA26961}.Debug|iPhone.ActiveCfg = Debug|Any CPU
		{2AFAF138-7242-4216-8585-9A981BA26961}.Debug|iPhone.Build.0 = Debug|Any CPU
		{2AFAF138-7242-4216-8585-9A981BA26961}.Debug|iPhone.Deploy.0 = Debug|Any CPU
		{2AFAF138-7242-4216-8585-9A981BA26961}.Debug|iPhoneSimulator.ActiveCfg = Debug|Any CPU
		{2AFAF138-7242-4216-8585-9A981BA26961}.Debug|iPhoneSimulator.Build.0 = Debug|Any CPU
		{2AFAF138-7242-4216-8585-9A981BA26961}.Debug|iPhoneSimulator.Deploy.0 = Debug|Any CPU
		{2AFAF138-7242-4216-8585-9A981BA26961}.Release|Any CPU.ActiveCfg = Release|Any CPU
		{2AFAF138-7242-4216-8585-9A981BA26961}.Release|Any CPU.Build.0 = Release|Any CPU
		{2AFAF138-7242-4216-8585-9A981BA26961}.Release|Any CPU.Deploy.0 = Release|Any CPU
		{2AFAF138-7242-4216-8585-9A981BA26961}.Release|iPhone.ActiveCfg = Release|Any CPU
		{2AFAF138-7242-4216-8585-9A981BA26961}.Release|iPhone.Build.0 = Release|Any CPU
		{2AFAF138-7242-4216-8585-9A981BA26961}.Release|iPhone.Deploy.0 = Release|Any CPU
		{2AFAF138-7242-4216-8585-9A981BA26961}.Release|iPhoneSimulator.ActiveCfg = Release|Any CPU
		{2AFAF138-7242-4216-8585-9A981BA26961}.Release|iPhoneSimulator.Build.0 = Release|Any CPU
		{2AFAF138-7242-4216-8585-9A981BA26961}.Release|iPhoneSimulator.Deploy.0 = Release|Any CPU
		{D62221AE-392E-499B-9CD5-39BC30705FAE}.Debug|Any CPU.ActiveCfg = Debug|iPhone
		{D62221AE-392E-499B-9CD5-39BC30705FAE}.Debug|Any CPU.Build.0 = Debug|iPhone
		{D62221AE-392E-499B-9CD5-39BC30705FAE}.Debug|Any CPU.Deploy.0 = Debug|iPhone
		{D62221AE-392E-499B-9CD5-39BC30705FAE}.Debug|iPhone.ActiveCfg = Debug|iPhone
		{D62221AE-392E-499B-9CD5-39BC30705FAE}.Debug|iPhone.Build.0 = Debug|iPhone
		{D62221AE-392E-499B-9CD5-39BC30705FAE}.Debug|iPhone.Deploy.0 = Debug|iPhone
		{D62221AE-392E-499B-9CD5-39BC30705FAE}.Debug|iPhoneSimulator.ActiveCfg = Debug|iPhoneSimulator
		{D62221AE-392E-499B-9CD5-39BC30705FAE}.Debug|iPhoneSimulator.Build.0 = Debug|iPhoneSimulator
		{D62221AE-392E-499B-9CD5-39BC30705FAE}.Debug|iPhoneSimulator.Deploy.0 = Debug|iPhoneSimulator
		{D62221AE-392E-499B-9CD5-39BC30705FAE}.Release|Any CPU.ActiveCfg = Release|iPhoneSimulator
		{D62221AE-392E-499B-9CD5-39BC30705FAE}.Release|Any CPU.Build.0 = Release|iPhoneSimulator
		{D62221AE-392E-499B-9CD5-39BC30705FAE}.Release|Any CPU.Deploy.0 = Release|iPhoneSimulator
		{D62221AE-392E-499B-9CD5-39BC30705FAE}.Release|iPhone.ActiveCfg = Release|iPhone
		{D62221AE-392E-499B-9CD5-39BC30705FAE}.Release|iPhone.Build.0 = Release|iPhone
		{D62221AE-392E-499B-9CD5-39BC30705FAE}.Release|iPhone.Deploy.0 = Release|iPhone
		{D62221AE-392E-499B-9CD5-39BC30705FAE}.Release|iPhoneSimulator.ActiveCfg = Release|iPhoneSimulator
		{D62221AE-392E-499B-9CD5-39BC30705FAE}.Release|iPhoneSimulator.Build.0 = Release|iPhoneSimulator
		{D62221AE-392E-499B-9CD5-39BC30705FAE}.Release|iPhoneSimulator.Deploy.0 = Release|iPhoneSimulator
		{377059B6-D039-46A7-9098-04947D8430B6}.Debug|Any CPU.ActiveCfg = Debug|Any CPU
		{377059B6-D039-46A7-9098-04947D8430B6}.Debug|Any CPU.Build.0 = Debug|Any CPU
		{377059B6-D039-46A7-9098-04947D8430B6}.Debug|Any CPU.Deploy.0 = Debug|Any CPU
		{377059B6-D039-46A7-9098-04947D8430B6}.Debug|iPhone.ActiveCfg = Debug|Any CPU
		{377059B6-D039-46A7-9098-04947D8430B6}.Debug|iPhone.Build.0 = Debug|Any CPU
		{377059B6-D039-46A7-9098-04947D8430B6}.Debug|iPhone.Deploy.0 = Debug|Any CPU
		{377059B6-D039-46A7-9098-04947D8430B6}.Debug|iPhoneSimulator.ActiveCfg = Debug|Any CPU
		{377059B6-D039-46A7-9098-04947D8430B6}.Debug|iPhoneSimulator.Build.0 = Debug|Any CPU
		{377059B6-D039-46A7-9098-04947D8430B6}.Debug|iPhoneSimulator.Deploy.0 = Debug|Any CPU
		{377059B6-D039-46A7-9098-04947D8430B6}.Release|Any CPU.ActiveCfg = Release|Any CPU
		{377059B6-D039-46A7-9098-04947D8430B6}.Release|Any CPU.Build.0 = Release|Any CPU
		{377059B6-D039-46A7-9098-04947D8430B6}.Release|Any CPU.Deploy.0 = Release|Any CPU
		{377059B6-D039-46A7-9098-04947D8430B6}.Release|iPhone.ActiveCfg = Release|Any CPU
		{377059B6-D039-46A7-9098-04947D8430B6}.Release|iPhone.Build.0 = Release|Any CPU
		{377059B6-D039-46A7-9098-04947D8430B6}.Release|iPhone.Deploy.0 = Release|Any CPU
		{377059B6-D039-46A7-9098-04947D8430B6}.Release|iPhoneSimulator.ActiveCfg = Release|Any CPU
		{377059B6-D039-46A7-9098-04947D8430B6}.Release|iPhoneSimulator.Build.0 = Release|Any CPU
		{377059B6-D039-46A7-9098-04947D8430B6}.Release|iPhoneSimulator.Deploy.0 = Release|Any CPU
	EndGlobalSection
	GlobalSection(SolutionProperties) = preSolution
		HideSolutionNode = FALSE
	EndGlobalSection
	GlobalSection(ExtensibilityGlobals) = postSolution
		SolutionGuid = {DC7C9C48-FCA7-4CF5-9762-1C4A7EF6B78D}
	EndGlobalSection
EndGlobal
